
Microsoft Visual Studio Solution File, Format Version 12.00
# Visual Studio Version 17
VisualStudioVersion = 17.5.002.0
MinimumVisualStudioVersion = 10.0.40219.1
Project("{2150E333-8FDC-42A3-9474-1A3956D46DE8}") = "sandbox", "sandbox", "{91119B3E-46EB-4A29-AF91-3DACA95AEDEE}"
EndProject
Project("{9A19103F-16F7-4668-BE54-9A1E7A4F7556}") = "sandbox_project", "sandbox\sandbox_project\sandbox_project.csproj", "{1E332EF5-2751-49B6-B9C3-D01DE6BEA2A2}"
EndProject
Project("{2150E333-8FDC-42A3-9474-1A3956D46DE8}") = "week01", "week01", "{7228AA34-DFAC-4244-843C-B7678546C64C}"
EndProject
Project("{9A19103F-16F7-4668-BE54-9A1E7A4F7556}") = "analyze", "week01\analyze\analyze.csproj", "{635CBD6D-618B-4332-B0EB-607E9E37623B}"
EndProject
Project("{9A19103F-16F7-4668-BE54-9A1E7A4F7556}") = "code", "week01\code\code.csproj", "{A8DA3403-0DC8-4F3D-A07C-FA7AFC2BF3BF}"
EndProject
Project("{9A19103F-16F7-4668-BE54-9A1E7A4F7556}") = "teach", "week01\teach\teach.csproj", "{C255F71C-B4FA-4EE1-BD0A-F415146A6421}"
EndProject
Project("{2150E333-8FDC-42A3-9474-1A3956D46DE8}") = "week02", "week02", "{2152B657-A98D-4A7A-8E35-AEBC93EBCCA0}"
EndProject
Project("{9A19103F-16F7-4668-BE54-9A1E7A4F7556}") = "analyze", "week02\analyze\analyze.csproj", "{8FAD6A3A-728E-4563-B4B1-2CE9E0D06498}"
EndProject
Project("{9A19103F-16F7-4668-BE54-9A1E7A4F7556}") = "code", "week02\code\code.csproj", "{33FE4674-CC1D-4E43-80C6-429D8712AC92}"
EndProject
Project("{9A19103F-16F7-4668-BE54-9A1E7A4F7556}") = "learn", "week02\learn\learn.csproj", "{91EF2D24-DDF8-40AF-9D0A-9842EB998B4A}"
EndProject
Project("{9A19103F-16F7-4668-BE54-9A1E7A4F7556}") = "teach", "week02\teach\teach.csproj", "{AC2DA158-4ED5-467D-9684-C1FFCBB51960}"
EndProject
Project("{2150E333-8FDC-42A3-9474-1A3956D46DE8}") = "week03", "week03", "{1D6CD178-1C2D-47EA-AC79-0073BC90F021}"
EndProject
Project("{9A19103F-16F7-4668-BE54-9A1E7A4F7556}") = "code", "week03\code\code.csproj", "{628D0146-B0C4-4DCF-B2F6-BD2F39F38518}"
EndProject
Project("{9A19103F-16F7-4668-BE54-9A1E7A4F7556}") = "learn", "week03\learn\learn.csproj", "{D9BFD225-1E27-4761-917D-CC32837302B4}"
EndProject
Project("{9A19103F-16F7-4668-BE54-9A1E7A4F7556}") = "teach", "week03\teach\teach.csproj", "{F8385B4A-ADC1-4C4A-92AF-C971DB13162E}"
EndProject
Project("{2150E333-8FDC-42A3-9474-1A3956D46DE8}") = "week04", "week04", "{3B330634-DEA1-4E86-A0B1-160F1109F511}"
EndProject
Project("{9A19103F-16F7-4668-BE54-9A1E7A4F7556}") = "code", "week04\code\code.csproj", "{B1209E4C-4A09-4BFB-925B-514412F53A85}"
EndProject
Project("{2150E333-8FDC-42A3-9474-1A3956D46DE8}") = "week05", "week05", "{A008B54D-6E8C-4C39-8F7A-FA15E4E49040}"
EndProject
Project("{9A19103F-16F7-4668-BE54-9A1E7A4F7556}") = "code", "week05\code\code.csproj", "{BDF7ECC3-F46C-49FB-8E3C-64A3A4EB45FF}"
EndProject
Project("{2150E333-8FDC-42A3-9474-1A3956D46DE8}") = "week06", "week06", "{4D7BA555-EBE7-41CA-9468-99E0FF64E475}"
EndProject
Project("{9A19103F-16F7-4668-BE54-9A1E7A4F7556}") = "code", "week06\code\code.csproj", "{3B1E3A36-C0D8-40A1-944D-96F233C7C838}"
EndProject
Global
	GlobalSection(SolutionConfigurationPlatforms) = preSolution
		Debug|Any CPU = Debug|Any CPU
		Release|Any CPU = Release|Any CPU
	EndGlobalSection
	GlobalSection(ProjectConfigurationPlatforms) = postSolution
		{1E332EF5-2751-49B6-B9C3-D01DE6BEA2A2}.Debug|Any CPU.ActiveCfg = Debug|Any CPU
		{1E332EF5-2751-49B6-B9C3-D01DE6BEA2A2}.Debug|Any CPU.Build.0 = Debug|Any CPU
		{1E332EF5-2751-49B6-B9C3-D01DE6BEA2A2}.Release|Any CPU.ActiveCfg = Release|Any CPU
		{1E332EF5-2751-49B6-B9C3-D01DE6BEA2A2}.Release|Any CPU.Build.0 = Release|Any CPU
		{635CBD6D-618B-4332-B0EB-607E9E37623B}.Debug|Any CPU.ActiveCfg = Debug|Any CPU
		{635CBD6D-618B-4332-B0EB-607E9E37623B}.Debug|Any CPU.Build.0 = Debug|Any CPU
		{635CBD6D-618B-4332-B0EB-607E9E37623B}.Release|Any CPU.ActiveCfg = Release|Any CPU
		{635CBD6D-618B-4332-B0EB-607E9E37623B}.Release|Any CPU.Build.0 = Release|Any CPU
		{A8DA3403-0DC8-4F3D-A07C-FA7AFC2BF3BF}.Debug|Any CPU.ActiveCfg = Debug|Any CPU
		{A8DA3403-0DC8-4F3D-A07C-FA7AFC2BF3BF}.Debug|Any CPU.Build.0 = Debug|Any CPU
		{A8DA3403-0DC8-4F3D-A07C-FA7AFC2BF3BF}.Release|Any CPU.ActiveCfg = Release|Any CPU
		{A8DA3403-0DC8-4F3D-A07C-FA7AFC2BF3BF}.Release|Any CPU.Build.0 = Release|Any CPU
		{C255F71C-B4FA-4EE1-BD0A-F415146A6421}.Debug|Any CPU.ActiveCfg = Debug|Any CPU
		{C255F71C-B4FA-4EE1-BD0A-F415146A6421}.Debug|Any CPU.Build.0 = Debug|Any CPU
		{C255F71C-B4FA-4EE1-BD0A-F415146A6421}.Release|Any CPU.ActiveCfg = Release|Any CPU
		{C255F71C-B4FA-4EE1-BD0A-F415146A6421}.Release|Any CPU.Build.0 = Release|Any CPU
		{8FAD6A3A-728E-4563-B4B1-2CE9E0D06498}.Debug|Any CPU.ActiveCfg = Debug|Any CPU
		{8FAD6A3A-728E-4563-B4B1-2CE9E0D06498}.Debug|Any CPU.Build.0 = Debug|Any CPU
		{8FAD6A3A-728E-4563-B4B1-2CE9E0D06498}.Release|Any CPU.ActiveCfg = Release|Any CPU
		{8FAD6A3A-728E-4563-B4B1-2CE9E0D06498}.Release|Any CPU.Build.0 = Release|Any CPU
		{33FE4674-CC1D-4E43-80C6-429D8712AC92}.Debug|Any CPU.ActiveCfg = Debug|Any CPU
		{33FE4674-CC1D-4E43-80C6-429D8712AC92}.Debug|Any CPU.Build.0 = Debug|Any CPU
		{33FE4674-CC1D-4E43-80C6-429D8712AC92}.Release|Any CPU.ActiveCfg = Release|Any CPU
		{33FE4674-CC1D-4E43-80C6-429D8712AC92}.Release|Any CPU.Build.0 = Release|Any CPU
		{91EF2D24-DDF8-40AF-9D0A-9842EB998B4A}.Debug|Any CPU.ActiveCfg = Debug|Any CPU
		{91EF2D24-DDF8-40AF-9D0A-9842EB998B4A}.Debug|Any CPU.Build.0 = Debug|Any CPU
		{91EF2D24-DDF8-40AF-9D0A-9842EB998B4A}.Release|Any CPU.ActiveCfg = Release|Any CPU
		{91EF2D24-DDF8-40AF-9D0A-9842EB998B4A}.Release|Any CPU.Build.0 = Release|Any CPU
		{AC2DA158-4ED5-467D-9684-C1FFCBB51960}.Debug|Any CPU.ActiveCfg = Debug|Any CPU
		{AC2DA158-4ED5-467D-9684-C1FFCBB51960}.Debug|Any CPU.Build.0 = Debug|Any CPU
		{AC2DA158-4ED5-467D-9684-C1FFCBB51960}.Release|Any CPU.ActiveCfg = Release|Any CPU
		{AC2DA158-4ED5-467D-9684-C1FFCBB51960}.Release|Any CPU.Build.0 = Release|Any CPU
		{628D0146-B0C4-4DCF-B2F6-BD2F39F38518}.Debug|Any CPU.ActiveCfg = Debug|Any CPU
		{628D0146-B0C4-4DCF-B2F6-BD2F39F38518}.Debug|Any CPU.Build.0 = Debug|Any CPU
		{628D0146-B0C4-4DCF-B2F6-BD2F39F38518}.Release|Any CPU.ActiveCfg = Release|Any CPU
		{628D0146-B0C4-4DCF-B2F6-BD2F39F38518}.Release|Any CPU.Build.0 = Release|Any CPU
		{D9BFD225-1E27-4761-917D-CC32837302B4}.Debug|Any CPU.ActiveCfg = Debug|Any CPU
		{D9BFD225-1E27-4761-917D-CC32837302B4}.Debug|Any CPU.Build.0 = Debug|Any CPU
		{D9BFD225-1E27-4761-917D-CC32837302B4}.Release|Any CPU.ActiveCfg = Release|Any CPU
		{D9BFD225-1E27-4761-917D-CC32837302B4}.Release|Any CPU.Build.0 = Release|Any CPU
		{F8385B4A-ADC1-4C4A-92AF-C971DB13162E}.Debug|Any CPU.ActiveCfg = Debug|Any CPU
		{F8385B4A-ADC1-4C4A-92AF-C971DB13162E}.Debug|Any CPU.Build.0 = Debug|Any CPU
		{F8385B4A-ADC1-4C4A-92AF-C971DB13162E}.Release|Any CPU.ActiveCfg = Release|Any CPU
		{F8385B4A-ADC1-4C4A-92AF-C971DB13162E}.Release|Any CPU.Build.0 = Release|Any CPU
		{B1209E4C-4A09-4BFB-925B-514412F53A85}.Debug|Any CPU.ActiveCfg = Debug|Any CPU
		{B1209E4C-4A09-4BFB-925B-514412F53A85}.Debug|Any CPU.Build.0 = Debug|Any CPU
		{B1209E4C-4A09-4BFB-925B-514412F53A85}.Release|Any CPU.ActiveCfg = Release|Any CPU
		{B1209E4C-4A09-4BFB-925B-514412F53A85}.Release|Any CPU.Build.0 = Release|Any CPU
		{BDF7ECC3-F46C-49FB-8E3C-64A3A4EB45FF}.Debug|Any CPU.ActiveCfg = Debug|Any CPU
		{BDF7ECC3-F46C-49FB-8E3C-64A3A4EB45FF}.Debug|Any CPU.Build.0 = Debug|Any CPU
		{BDF7ECC3-F46C-49FB-8E3C-64A3A4EB45FF}.Release|Any CPU.ActiveCfg = Release|Any CPU
		{BDF7ECC3-F46C-49FB-8E3C-64A3A4EB45FF}.Release|Any CPU.Build.0 = Release|Any CPU
		{3B1E3A36-C0D8-40A1-944D-96F233C7C838}.Debug|Any CPU.ActiveCfg = Debug|Any CPU
		{3B1E3A36-C0D8-40A1-944D-96F233C7C838}.Debug|Any CPU.Build.0 = Debug|Any CPU
		{3B1E3A36-C0D8-40A1-944D-96F233C7C838}.Release|Any CPU.ActiveCfg = Release|Any CPU
		{3B1E3A36-C0D8-40A1-944D-96F233C7C838}.Release|Any CPU.Build.0 = Release|Any CPU
	EndGlobalSection
	GlobalSection(SolutionProperties) = preSolution
		HideSolutionNode = FALSE
	EndGlobalSection
	GlobalSection(NestedProjects) = preSolution
		{1E332EF5-2751-49B6-B9C3-D01DE6BEA2A2} = {91119B3E-46EB-4A29-AF91-3DACA95AEDEE}
		{635CBD6D-618B-4332-B0EB-607E9E37623B} = {7228AA34-DFAC-4244-843C-B7678546C64C}
		{A8DA3403-0DC8-4F3D-A07C-FA7AFC2BF3BF} = {7228AA34-DFAC-4244-843C-B7678546C64C}
		{C255F71C-B4FA-4EE1-BD0A-F415146A6421} = {7228AA34-DFAC-4244-843C-B7678546C64C}
		{8FAD6A3A-728E-4563-B4B1-2CE9E0D06498} = {2152B657-A98D-4A7A-8E35-AEBC93EBCCA0}
		{33FE4674-CC1D-4E43-80C6-429D8712AC92} = {2152B657-A98D-4A7A-8E35-AEBC93EBCCA0}
		{91EF2D24-DDF8-40AF-9D0A-9842EB998B4A} = {2152B657-A98D-4A7A-8E35-AEBC93EBCCA0}
		{AC2DA158-4ED5-467D-9684-C1FFCBB51960} = {2152B657-A98D-4A7A-8E35-AEBC93EBCCA0}
		{628D0146-B0C4-4DCF-B2F6-BD2F39F38518} = {1D6CD178-1C2D-47EA-AC79-0073BC90F021}
		{D9BFD225-1E27-4761-917D-CC32837302B4} = {1D6CD178-1C2D-47EA-AC79-0073BC90F021}
		{F8385B4A-ADC1-4C4A-92AF-C971DB13162E} = {1D6CD178-1C2D-47EA-AC79-0073BC90F021}
		{B1209E4C-4A09-4BFB-925B-514412F53A85} = {3B330634-DEA1-4E86-A0B1-160F1109F511}
		{BDF7ECC3-F46C-49FB-8E3C-64A3A4EB45FF} = {A008B54D-6E8C-4C39-8F7A-FA15E4E49040}
		{3B1E3A36-C0D8-40A1-944D-96F233C7C838} = {4D7BA555-EBE7-41CA-9468-99E0FF64E475}
	EndGlobalSection
	GlobalSection(ExtensibilityGlobals) = postSolution
		SolutionGuid = {802277EC-A14A-41E6-A53E-133B2B0C5DE0}
	EndGlobalSection
EndGlobal
